
Microsoft Visual Studio Solution File, Format Version 12.00
# Visual Studio Version 16
VisualStudioVersion = 16.0.33920.266
MinimumVisualStudioVersion = 10.0.40219.1
Project("{8BC9CEB8-8B4A-11D0-8D11-00A0C91BC942}") = "Suma de doua numere prime", "Suma de doua numere prime.vcxproj", "{9669889E-58E1-4143-BF8B-8A7C056C3005}"
EndProject
Global
	GlobalSection(SolutionConfigurationPlatforms) = preSolution
		Debug|x64 = Debug|x64
		Debug|x86 = Debug|x86
		Release|x64 = Release|x64
		Release|x86 = Release|x86
	EndGlobalSection
	GlobalSection(ProjectConfigurationPlatforms) = postSolution
		{9669889E-58E1-4143-BF8B-8A7C056C3005}.Debug|x64.ActiveCfg = Debug|x64
		{9669889E-58E1-4143-BF8B-8A7C056C3005}.Debug|x64.Build.0 = Debug|x64
		{9669889E-58E1-4143-BF8B-8A7C056C3005}.Debug|x86.ActiveCfg = Debug|Win32
		{9669889E-58E1-4143-BF8B-8A7C056C3005}.Debug|x86.Build.0 = Debug|Win32
		{9669889E-58E1-4143-BF8B-8A7C056C3005}.Release|x64.ActiveCfg = Release|x64
		{9669889E-58E1-4143-BF8B-8A7C056C3005}.Release|x64.Build.0 = Release|x64
		{9669889E-58E1-4143-BF8B-8A7C056C3005}.Release|x86.ActiveCfg = Release|Win32
		{9669889E-58E1-4143-BF8B-8A7C056C3005}.Release|x86.Build.0 = Release|Win32
	EndGlobalSection
	GlobalSection(SolutionProperties) = preSolution
		HideSolutionNode = FALSE
	EndGlobalSection
	GlobalSection(ExtensibilityGlobals) = postSolution
		SolutionGuid = {5ED184F4-F2FB-4DAF-A85C-3FAFD036B729}
	EndGlobalSection
EndGlobal
