
Microsoft Visual Studio Solution File, Format Version 12.00
# Visual Studio Version 16
VisualStudioVersion = 16.0.33920.266
MinimumVisualStudioVersion = 10.0.40219.1
Project("{8BC9CEB8-8B4A-11D0-8D11-00A0C91BC942}") = "Ciurul lui Eratostene", "Ciurul lui Eratostene.vcxproj", "{E9DE1E61-162A-4F40-88C6-0AC06E944C72}"
EndProject
Global
	GlobalSection(SolutionConfigurationPlatforms) = preSolution
		Debug|x64 = Debug|x64
		Debug|x86 = Debug|x86
		Release|x64 = Release|x64
		Release|x86 = Release|x86
	EndGlobalSection
	GlobalSection(ProjectConfigurationPlatforms) = postSolution
		{E9DE1E61-162A-4F40-88C6-0AC06E944C72}.Debug|x64.ActiveCfg = Debug|x64
		{E9DE1E61-162A-4F40-88C6-0AC06E944C72}.Debug|x64.Build.0 = Debug|x64
		{E9DE1E61-162A-4F40-88C6-0AC06E944C72}.Debug|x86.ActiveCfg = Debug|Win32
		{E9DE1E61-162A-4F40-88C6-0AC06E944C72}.Debug|x86.Build.0 = Debug|Win32
		{E9DE1E61-162A-4F40-88C6-0AC06E944C72}.Release|x64.ActiveCfg = Release|x64
		{E9DE1E61-162A-4F40-88C6-0AC06E944C72}.Release|x64.Build.0 = Release|x64
		{E9DE1E61-162A-4F40-88C6-0AC06E944C72}.Release|x86.ActiveCfg = Release|Win32
		{E9DE1E61-162A-4F40-88C6-0AC06E944C72}.Release|x86.Build.0 = Release|Win32
	EndGlobalSection
	GlobalSection(SolutionProperties) = preSolution
		HideSolutionNode = FALSE
	EndGlobalSection
	GlobalSection(ExtensibilityGlobals) = postSolution
		SolutionGuid = {0D8715A0-63D8-4A30-8A19-82F063A4A1B8}
	EndGlobalSection
EndGlobal
