
Microsoft Visual Studio Solution File, Format Version 12.00
# Visual Studio Version 16
VisualStudioVersion = 16.0.33920.266
MinimumVisualStudioVersion = 10.0.40219.1
Project("{8BC9CEB8-8B4A-11D0-8D11-00A0C91BC942}") = "Inserarea unui element in coada", "Inserarea unui element in coada.vcxproj", "{8F3DA979-8E0E-4593-8550-0B59C5722502}"
EndProject
Global
	GlobalSection(SolutionConfigurationPlatforms) = preSolution
		Debug|x64 = Debug|x64
		Debug|x86 = Debug|x86
		Release|x64 = Release|x64
		Release|x86 = Release|x86
	EndGlobalSection
	GlobalSection(ProjectConfigurationPlatforms) = postSolution
		{8F3DA979-8E0E-4593-8550-0B59C5722502}.Debug|x64.ActiveCfg = Debug|x64
		{8F3DA979-8E0E-4593-8550-0B59C5722502}.Debug|x64.Build.0 = Debug|x64
		{8F3DA979-8E0E-4593-8550-0B59C5722502}.Debug|x86.ActiveCfg = Debug|Win32
		{8F3DA979-8E0E-4593-8550-0B59C5722502}.Debug|x86.Build.0 = Debug|Win32
		{8F3DA979-8E0E-4593-8550-0B59C5722502}.Release|x64.ActiveCfg = Release|x64
		{8F3DA979-8E0E-4593-8550-0B59C5722502}.Release|x64.Build.0 = Release|x64
		{8F3DA979-8E0E-4593-8550-0B59C5722502}.Release|x86.ActiveCfg = Release|Win32
		{8F3DA979-8E0E-4593-8550-0B59C5722502}.Release|x86.Build.0 = Release|Win32
	EndGlobalSection
	GlobalSection(SolutionProperties) = preSolution
		HideSolutionNode = FALSE
	EndGlobalSection
	GlobalSection(ExtensibilityGlobals) = postSolution
		SolutionGuid = {7D844304-2FE8-477B-B894-E3467DB83D6A}
	EndGlobalSection
EndGlobal
