
Microsoft Visual Studio Solution File, Format Version 12.00
# Visual Studio Version 16
VisualStudioVersion = 16.0.33927.289
MinimumVisualStudioVersion = 10.0.40219.1
Project("{8BC9CEB8-8B4A-11D0-8D11-00A0C91BC942}") = "Stergerea unui nod dintr-o lista dublu inlantuita", "Stergerea unui nod dintr-o lista dublu inlantuita.vcxproj", "{6AA093AA-8B4E-4034-91DF-BCEADA7B55DD}"
EndProject
Global
	GlobalSection(SolutionConfigurationPlatforms) = preSolution
		Debug|x64 = Debug|x64
		Debug|x86 = Debug|x86
		Release|x64 = Release|x64
		Release|x86 = Release|x86
	EndGlobalSection
	GlobalSection(ProjectConfigurationPlatforms) = postSolution
		{6AA093AA-8B4E-4034-91DF-BCEADA7B55DD}.Debug|x64.ActiveCfg = Debug|x64
		{6AA093AA-8B4E-4034-91DF-BCEADA7B55DD}.Debug|x64.Build.0 = Debug|x64
		{6AA093AA-8B4E-4034-91DF-BCEADA7B55DD}.Debug|x86.ActiveCfg = Debug|Win32
		{6AA093AA-8B4E-4034-91DF-BCEADA7B55DD}.Debug|x86.Build.0 = Debug|Win32
		{6AA093AA-8B4E-4034-91DF-BCEADA7B55DD}.Release|x64.ActiveCfg = Release|x64
		{6AA093AA-8B4E-4034-91DF-BCEADA7B55DD}.Release|x64.Build.0 = Release|x64
		{6AA093AA-8B4E-4034-91DF-BCEADA7B55DD}.Release|x86.ActiveCfg = Release|Win32
		{6AA093AA-8B4E-4034-91DF-BCEADA7B55DD}.Release|x86.Build.0 = Release|Win32
	EndGlobalSection
	GlobalSection(SolutionProperties) = preSolution
		HideSolutionNode = FALSE
	EndGlobalSection
	GlobalSection(ExtensibilityGlobals) = postSolution
		SolutionGuid = {68E48B55-BEB3-4747-8FCC-44A551830462}
	EndGlobalSection
EndGlobal
