
Microsoft Visual Studio Solution File, Format Version 12.00
# Visual Studio Version 16
VisualStudioVersion = 16.0.33927.289
MinimumVisualStudioVersion = 10.0.40219.1
Project("{8BC9CEB8-8B4A-11D0-8D11-00A0C91BC942}") = "Determinarea celui mai scurt drum", "Determinarea celui mai scurt drum.vcxproj", "{9AED0A9A-56B7-46AC-8BC4-B0B488B04F9A}"
EndProject
Global
	GlobalSection(SolutionConfigurationPlatforms) = preSolution
		Debug|x64 = Debug|x64
		Debug|x86 = Debug|x86
		Release|x64 = Release|x64
		Release|x86 = Release|x86
	EndGlobalSection
	GlobalSection(ProjectConfigurationPlatforms) = postSolution
		{9AED0A9A-56B7-46AC-8BC4-B0B488B04F9A}.Debug|x64.ActiveCfg = Debug|x64
		{9AED0A9A-56B7-46AC-8BC4-B0B488B04F9A}.Debug|x64.Build.0 = Debug|x64
		{9AED0A9A-56B7-46AC-8BC4-B0B488B04F9A}.Debug|x86.ActiveCfg = Debug|Win32
		{9AED0A9A-56B7-46AC-8BC4-B0B488B04F9A}.Debug|x86.Build.0 = Debug|Win32
		{9AED0A9A-56B7-46AC-8BC4-B0B488B04F9A}.Release|x64.ActiveCfg = Release|x64
		{9AED0A9A-56B7-46AC-8BC4-B0B488B04F9A}.Release|x64.Build.0 = Release|x64
		{9AED0A9A-56B7-46AC-8BC4-B0B488B04F9A}.Release|x86.ActiveCfg = Release|Win32
		{9AED0A9A-56B7-46AC-8BC4-B0B488B04F9A}.Release|x86.Build.0 = Release|Win32
	EndGlobalSection
	GlobalSection(SolutionProperties) = preSolution
		HideSolutionNode = FALSE
	EndGlobalSection
	GlobalSection(ExtensibilityGlobals) = postSolution
		SolutionGuid = {C74E1000-F807-44ED-ABF2-23C1E0E77371}
	EndGlobalSection
EndGlobal
