
Microsoft Visual Studio Solution File, Format Version 12.00
# Visual Studio Version 16
VisualStudioVersion = 16.0.33920.266
MinimumVisualStudioVersion = 10.0.40219.1
Project("{8BC9CEB8-8B4A-11D0-8D11-00A0C91BC942}") = "Secventa", "Secventa.vcxproj", "{F50EB76B-ED61-4228-9D1E-2CC4D331EA19}"
EndProject
Global
	GlobalSection(SolutionConfigurationPlatforms) = preSolution
		Debug|x64 = Debug|x64
		Debug|x86 = Debug|x86
		Release|x64 = Release|x64
		Release|x86 = Release|x86
	EndGlobalSection
	GlobalSection(ProjectConfigurationPlatforms) = postSolution
		{F50EB76B-ED61-4228-9D1E-2CC4D331EA19}.Debug|x64.ActiveCfg = Debug|x64
		{F50EB76B-ED61-4228-9D1E-2CC4D331EA19}.Debug|x64.Build.0 = Debug|x64
		{F50EB76B-ED61-4228-9D1E-2CC4D331EA19}.Debug|x86.ActiveCfg = Debug|Win32
		{F50EB76B-ED61-4228-9D1E-2CC4D331EA19}.Debug|x86.Build.0 = Debug|Win32
		{F50EB76B-ED61-4228-9D1E-2CC4D331EA19}.Release|x64.ActiveCfg = Release|x64
		{F50EB76B-ED61-4228-9D1E-2CC4D331EA19}.Release|x64.Build.0 = Release|x64
		{F50EB76B-ED61-4228-9D1E-2CC4D331EA19}.Release|x86.ActiveCfg = Release|Win32
		{F50EB76B-ED61-4228-9D1E-2CC4D331EA19}.Release|x86.Build.0 = Release|Win32
	EndGlobalSection
	GlobalSection(SolutionProperties) = preSolution
		HideSolutionNode = FALSE
	EndGlobalSection
	GlobalSection(ExtensibilityGlobals) = postSolution
		SolutionGuid = {37BCF72D-463F-4449-ACC2-CA438BC42CB6}
	EndGlobalSection
EndGlobal
