
Microsoft Visual Studio Solution File, Format Version 12.00
# Visual Studio Version 16
VisualStudioVersion = 16.0.33927.289
MinimumVisualStudioVersion = 10.0.40219.1
Project("{8BC9CEB8-8B4A-11D0-8D11-00A0C91BC942}") = "Algoritmul lui Dijkstra", "Algoritmul lui Dijkstra.vcxproj", "{BFAAE4A7-A39C-4E27-8BD6-3ABE6D016592}"
EndProject
Global
	GlobalSection(SolutionConfigurationPlatforms) = preSolution
		Debug|x64 = Debug|x64
		Debug|x86 = Debug|x86
		Release|x64 = Release|x64
		Release|x86 = Release|x86
	EndGlobalSection
	GlobalSection(ProjectConfigurationPlatforms) = postSolution
		{BFAAE4A7-A39C-4E27-8BD6-3ABE6D016592}.Debug|x64.ActiveCfg = Debug|x64
		{BFAAE4A7-A39C-4E27-8BD6-3ABE6D016592}.Debug|x64.Build.0 = Debug|x64
		{BFAAE4A7-A39C-4E27-8BD6-3ABE6D016592}.Debug|x86.ActiveCfg = Debug|Win32
		{BFAAE4A7-A39C-4E27-8BD6-3ABE6D016592}.Debug|x86.Build.0 = Debug|Win32
		{BFAAE4A7-A39C-4E27-8BD6-3ABE6D016592}.Release|x64.ActiveCfg = Release|x64
		{BFAAE4A7-A39C-4E27-8BD6-3ABE6D016592}.Release|x64.Build.0 = Release|x64
		{BFAAE4A7-A39C-4E27-8BD6-3ABE6D016592}.Release|x86.ActiveCfg = Release|Win32
		{BFAAE4A7-A39C-4E27-8BD6-3ABE6D016592}.Release|x86.Build.0 = Release|Win32
	EndGlobalSection
	GlobalSection(SolutionProperties) = preSolution
		HideSolutionNode = FALSE
	EndGlobalSection
	GlobalSection(ExtensibilityGlobals) = postSolution
		SolutionGuid = {262E9AF3-8A87-419D-8BE4-BA305B2968EE}
	EndGlobalSection
EndGlobal
