
Microsoft Visual Studio Solution File, Format Version 12.00
# Visual Studio Version 16
VisualStudioVersion = 16.0.33927.289
MinimumVisualStudioVersion = 10.0.40219.1
Project("{8BC9CEB8-8B4A-11D0-8D11-00A0C91BC942}") = "Descompunerea unui graf neorientat in componente conexe", "Descompunerea unui graf neorientat in componente conexe.vcxproj", "{9D376B98-5EB2-42FF-A9AA-1B949AB492F0}"
EndProject
Global
	GlobalSection(SolutionConfigurationPlatforms) = preSolution
		Debug|x64 = Debug|x64
		Debug|x86 = Debug|x86
		Release|x64 = Release|x64
		Release|x86 = Release|x86
	EndGlobalSection
	GlobalSection(ProjectConfigurationPlatforms) = postSolution
		{9D376B98-5EB2-42FF-A9AA-1B949AB492F0}.Debug|x64.ActiveCfg = Debug|x64
		{9D376B98-5EB2-42FF-A9AA-1B949AB492F0}.Debug|x64.Build.0 = Debug|x64
		{9D376B98-5EB2-42FF-A9AA-1B949AB492F0}.Debug|x86.ActiveCfg = Debug|Win32
		{9D376B98-5EB2-42FF-A9AA-1B949AB492F0}.Debug|x86.Build.0 = Debug|Win32
		{9D376B98-5EB2-42FF-A9AA-1B949AB492F0}.Release|x64.ActiveCfg = Release|x64
		{9D376B98-5EB2-42FF-A9AA-1B949AB492F0}.Release|x64.Build.0 = Release|x64
		{9D376B98-5EB2-42FF-A9AA-1B949AB492F0}.Release|x86.ActiveCfg = Release|Win32
		{9D376B98-5EB2-42FF-A9AA-1B949AB492F0}.Release|x86.Build.0 = Release|Win32
	EndGlobalSection
	GlobalSection(SolutionProperties) = preSolution
		HideSolutionNode = FALSE
	EndGlobalSection
	GlobalSection(ExtensibilityGlobals) = postSolution
		SolutionGuid = {4E9EAD28-5AF7-458F-87BB-53378AAF442B}
	EndGlobalSection
EndGlobal
