
Microsoft Visual Studio Solution File, Format Version 12.00
# Visual Studio Version 16
VisualStudioVersion = 16.0.33927.289
MinimumVisualStudioVersion = 10.0.40219.1
Project("{8BC9CEB8-8B4A-11D0-8D11-00A0C91BC942}") = "Regula de ponderare", "Regula de ponderare.vcxproj", "{98306CB2-9DF5-4123-A18A-CAE5A0FCE80F}"
EndProject
Global
	GlobalSection(SolutionConfigurationPlatforms) = preSolution
		Debug|x64 = Debug|x64
		Debug|x86 = Debug|x86
		Release|x64 = Release|x64
		Release|x86 = Release|x86
	EndGlobalSection
	GlobalSection(ProjectConfigurationPlatforms) = postSolution
		{98306CB2-9DF5-4123-A18A-CAE5A0FCE80F}.Debug|x64.ActiveCfg = Debug|x64
		{98306CB2-9DF5-4123-A18A-CAE5A0FCE80F}.Debug|x64.Build.0 = Debug|x64
		{98306CB2-9DF5-4123-A18A-CAE5A0FCE80F}.Debug|x86.ActiveCfg = Debug|Win32
		{98306CB2-9DF5-4123-A18A-CAE5A0FCE80F}.Debug|x86.Build.0 = Debug|Win32
		{98306CB2-9DF5-4123-A18A-CAE5A0FCE80F}.Release|x64.ActiveCfg = Release|x64
		{98306CB2-9DF5-4123-A18A-CAE5A0FCE80F}.Release|x64.Build.0 = Release|x64
		{98306CB2-9DF5-4123-A18A-CAE5A0FCE80F}.Release|x86.ActiveCfg = Release|Win32
		{98306CB2-9DF5-4123-A18A-CAE5A0FCE80F}.Release|x86.Build.0 = Release|Win32
	EndGlobalSection
	GlobalSection(SolutionProperties) = preSolution
		HideSolutionNode = FALSE
	EndGlobalSection
	GlobalSection(ExtensibilityGlobals) = postSolution
		SolutionGuid = {D4EF302D-9C16-411F-8372-9F192D5FA3B1}
	EndGlobalSection
EndGlobal
