
Microsoft Visual Studio Solution File, Format Version 12.00
# Visual Studio Version 16
VisualStudioVersion = 16.0.33920.266
MinimumVisualStudioVersion = 10.0.40219.1
Project("{8BC9CEB8-8B4A-11D0-8D11-00A0C91BC942}") = "Tabla adunarii", "Tabla adunarii.vcxproj", "{24ADA3FE-B1BE-4550-A4FE-A55CDC1E3FDF}"
EndProject
Global
	GlobalSection(SolutionConfigurationPlatforms) = preSolution
		Debug|x64 = Debug|x64
		Debug|x86 = Debug|x86
		Release|x64 = Release|x64
		Release|x86 = Release|x86
	EndGlobalSection
	GlobalSection(ProjectConfigurationPlatforms) = postSolution
		{24ADA3FE-B1BE-4550-A4FE-A55CDC1E3FDF}.Debug|x64.ActiveCfg = Debug|x64
		{24ADA3FE-B1BE-4550-A4FE-A55CDC1E3FDF}.Debug|x64.Build.0 = Debug|x64
		{24ADA3FE-B1BE-4550-A4FE-A55CDC1E3FDF}.Debug|x86.ActiveCfg = Debug|Win32
		{24ADA3FE-B1BE-4550-A4FE-A55CDC1E3FDF}.Debug|x86.Build.0 = Debug|Win32
		{24ADA3FE-B1BE-4550-A4FE-A55CDC1E3FDF}.Release|x64.ActiveCfg = Release|x64
		{24ADA3FE-B1BE-4550-A4FE-A55CDC1E3FDF}.Release|x64.Build.0 = Release|x64
		{24ADA3FE-B1BE-4550-A4FE-A55CDC1E3FDF}.Release|x86.ActiveCfg = Release|Win32
		{24ADA3FE-B1BE-4550-A4FE-A55CDC1E3FDF}.Release|x86.Build.0 = Release|Win32
	EndGlobalSection
	GlobalSection(SolutionProperties) = preSolution
		HideSolutionNode = FALSE
	EndGlobalSection
	GlobalSection(ExtensibilityGlobals) = postSolution
		SolutionGuid = {BFD0BA09-7D4A-4015-9CD6-A31BCB27B31F}
	EndGlobalSection
EndGlobal
