
Microsoft Visual Studio Solution File, Format Version 12.00
# Visual Studio Version 16
VisualStudioVersion = 16.0.32510.428
MinimumVisualStudioVersion = 10.0.40219.1
Project("{8BC9CEB8-8B4A-11D0-8D11-00A0C91BC942}") = "Codul Gray", "Codul Gray.vcxproj", "{122EBFE1-792F-4957-B418-59784CD963CC}"
EndProject
Global
	GlobalSection(SolutionConfigurationPlatforms) = preSolution
		Debug|x64 = Debug|x64
		Debug|x86 = Debug|x86
		Release|x64 = Release|x64
		Release|x86 = Release|x86
	EndGlobalSection
	GlobalSection(ProjectConfigurationPlatforms) = postSolution
		{122EBFE1-792F-4957-B418-59784CD963CC}.Debug|x64.ActiveCfg = Debug|x64
		{122EBFE1-792F-4957-B418-59784CD963CC}.Debug|x64.Build.0 = Debug|x64
		{122EBFE1-792F-4957-B418-59784CD963CC}.Debug|x86.ActiveCfg = Debug|Win32
		{122EBFE1-792F-4957-B418-59784CD963CC}.Debug|x86.Build.0 = Debug|Win32
		{122EBFE1-792F-4957-B418-59784CD963CC}.Release|x64.ActiveCfg = Release|x64
		{122EBFE1-792F-4957-B418-59784CD963CC}.Release|x64.Build.0 = Release|x64
		{122EBFE1-792F-4957-B418-59784CD963CC}.Release|x86.ActiveCfg = Release|Win32
		{122EBFE1-792F-4957-B418-59784CD963CC}.Release|x86.Build.0 = Release|Win32
	EndGlobalSection
	GlobalSection(SolutionProperties) = preSolution
		HideSolutionNode = FALSE
	EndGlobalSection
	GlobalSection(ExtensibilityGlobals) = postSolution
		SolutionGuid = {6AE2AD4C-795E-4D75-B56E-613D5917CA15}
	EndGlobalSection
EndGlobal
