
Microsoft Visual Studio Solution File, Format Version 12.00
# Visual Studio Version 16
VisualStudioVersion = 16.0.33920.266
MinimumVisualStudioVersion = 10.0.40219.1
Project("{8BC9CEB8-8B4A-11D0-8D11-00A0C91BC942}") = "Ecuatia de gradul al II-lea", "Ecuatia de gradul al II-lea.vcxproj", "{4EB7EBFD-A6B2-489F-BA51-7B0CE4518562}"
EndProject
Global
	GlobalSection(SolutionConfigurationPlatforms) = preSolution
		Debug|x64 = Debug|x64
		Debug|x86 = Debug|x86
		Release|x64 = Release|x64
		Release|x86 = Release|x86
	EndGlobalSection
	GlobalSection(ProjectConfigurationPlatforms) = postSolution
		{4EB7EBFD-A6B2-489F-BA51-7B0CE4518562}.Debug|x64.ActiveCfg = Debug|x64
		{4EB7EBFD-A6B2-489F-BA51-7B0CE4518562}.Debug|x64.Build.0 = Debug|x64
		{4EB7EBFD-A6B2-489F-BA51-7B0CE4518562}.Debug|x86.ActiveCfg = Debug|Win32
		{4EB7EBFD-A6B2-489F-BA51-7B0CE4518562}.Debug|x86.Build.0 = Debug|Win32
		{4EB7EBFD-A6B2-489F-BA51-7B0CE4518562}.Release|x64.ActiveCfg = Release|x64
		{4EB7EBFD-A6B2-489F-BA51-7B0CE4518562}.Release|x64.Build.0 = Release|x64
		{4EB7EBFD-A6B2-489F-BA51-7B0CE4518562}.Release|x86.ActiveCfg = Release|Win32
		{4EB7EBFD-A6B2-489F-BA51-7B0CE4518562}.Release|x86.Build.0 = Release|Win32
	EndGlobalSection
	GlobalSection(SolutionProperties) = preSolution
		HideSolutionNode = FALSE
	EndGlobalSection
	GlobalSection(ExtensibilityGlobals) = postSolution
		SolutionGuid = {94A9D500-277E-40A9-B100-75DCE62E5547}
	EndGlobalSection
EndGlobal
