
Microsoft Visual Studio Solution File, Format Version 12.00
# Visual Studio Version 16
VisualStudioVersion = 16.0.33920.266
MinimumVisualStudioVersion = 10.0.40219.1
Project("{8BC9CEB8-8B4A-11D0-8D11-00A0C91BC942}") = "Aparitii cifra", "Aparitii cifra.vcxproj", "{E0D2834B-D360-45D4-8254-E8148634E748}"
EndProject
Global
	GlobalSection(SolutionConfigurationPlatforms) = preSolution
		Debug|x64 = Debug|x64
		Debug|x86 = Debug|x86
		Release|x64 = Release|x64
		Release|x86 = Release|x86
	EndGlobalSection
	GlobalSection(ProjectConfigurationPlatforms) = postSolution
		{E0D2834B-D360-45D4-8254-E8148634E748}.Debug|x64.ActiveCfg = Debug|x64
		{E0D2834B-D360-45D4-8254-E8148634E748}.Debug|x64.Build.0 = Debug|x64
		{E0D2834B-D360-45D4-8254-E8148634E748}.Debug|x86.ActiveCfg = Debug|Win32
		{E0D2834B-D360-45D4-8254-E8148634E748}.Debug|x86.Build.0 = Debug|Win32
		{E0D2834B-D360-45D4-8254-E8148634E748}.Release|x64.ActiveCfg = Release|x64
		{E0D2834B-D360-45D4-8254-E8148634E748}.Release|x64.Build.0 = Release|x64
		{E0D2834B-D360-45D4-8254-E8148634E748}.Release|x86.ActiveCfg = Release|Win32
		{E0D2834B-D360-45D4-8254-E8148634E748}.Release|x86.Build.0 = Release|Win32
	EndGlobalSection
	GlobalSection(SolutionProperties) = preSolution
		HideSolutionNode = FALSE
	EndGlobalSection
	GlobalSection(ExtensibilityGlobals) = postSolution
		SolutionGuid = {4A43A2B4-D39F-424A-9807-7CE199092074}
	EndGlobalSection
EndGlobal
