
Microsoft Visual Studio Solution File, Format Version 12.00
# Visual Studio Version 16
VisualStudioVersion = 16.0.33927.289
MinimumVisualStudioVersion = 10.0.40219.1
Project("{8BC9CEB8-8B4A-11D0-8D11-00A0C91BC942}") = "Parcurgerea in inordine", "Parcurgerea in inordine.vcxproj", "{2F5139E0-E609-4E1C-89D9-CD7A5CF3AA3C}"
EndProject
Global
	GlobalSection(SolutionConfigurationPlatforms) = preSolution
		Debug|x64 = Debug|x64
		Debug|x86 = Debug|x86
		Release|x64 = Release|x64
		Release|x86 = Release|x86
	EndGlobalSection
	GlobalSection(ProjectConfigurationPlatforms) = postSolution
		{2F5139E0-E609-4E1C-89D9-CD7A5CF3AA3C}.Debug|x64.ActiveCfg = Debug|x64
		{2F5139E0-E609-4E1C-89D9-CD7A5CF3AA3C}.Debug|x64.Build.0 = Debug|x64
		{2F5139E0-E609-4E1C-89D9-CD7A5CF3AA3C}.Debug|x86.ActiveCfg = Debug|Win32
		{2F5139E0-E609-4E1C-89D9-CD7A5CF3AA3C}.Debug|x86.Build.0 = Debug|Win32
		{2F5139E0-E609-4E1C-89D9-CD7A5CF3AA3C}.Release|x64.ActiveCfg = Release|x64
		{2F5139E0-E609-4E1C-89D9-CD7A5CF3AA3C}.Release|x64.Build.0 = Release|x64
		{2F5139E0-E609-4E1C-89D9-CD7A5CF3AA3C}.Release|x86.ActiveCfg = Release|Win32
		{2F5139E0-E609-4E1C-89D9-CD7A5CF3AA3C}.Release|x86.Build.0 = Release|Win32
	EndGlobalSection
	GlobalSection(SolutionProperties) = preSolution
		HideSolutionNode = FALSE
	EndGlobalSection
	GlobalSection(ExtensibilityGlobals) = postSolution
		SolutionGuid = {E1029EC0-C448-492D-9EC7-68A01BC9B26A}
	EndGlobalSection
EndGlobal
