
Microsoft Visual Studio Solution File, Format Version 12.00
# Visual Studio Version 16
VisualStudioVersion = 16.0.33927.289
MinimumVisualStudioVersion = 10.0.40219.1
Project("{8BC9CEB8-8B4A-11D0-8D11-00A0C91BC942}") = "Crearea unei stive", "Crearea unei stive.vcxproj", "{0510A32B-1F63-4432-B375-CF7F4E83FAD8}"
EndProject
Global
	GlobalSection(SolutionConfigurationPlatforms) = preSolution
		Debug|x64 = Debug|x64
		Debug|x86 = Debug|x86
		Release|x64 = Release|x64
		Release|x86 = Release|x86
	EndGlobalSection
	GlobalSection(ProjectConfigurationPlatforms) = postSolution
		{0510A32B-1F63-4432-B375-CF7F4E83FAD8}.Debug|x64.ActiveCfg = Debug|x64
		{0510A32B-1F63-4432-B375-CF7F4E83FAD8}.Debug|x64.Build.0 = Debug|x64
		{0510A32B-1F63-4432-B375-CF7F4E83FAD8}.Debug|x86.ActiveCfg = Debug|Win32
		{0510A32B-1F63-4432-B375-CF7F4E83FAD8}.Debug|x86.Build.0 = Debug|Win32
		{0510A32B-1F63-4432-B375-CF7F4E83FAD8}.Release|x64.ActiveCfg = Release|x64
		{0510A32B-1F63-4432-B375-CF7F4E83FAD8}.Release|x64.Build.0 = Release|x64
		{0510A32B-1F63-4432-B375-CF7F4E83FAD8}.Release|x86.ActiveCfg = Release|Win32
		{0510A32B-1F63-4432-B375-CF7F4E83FAD8}.Release|x86.Build.0 = Release|Win32
	EndGlobalSection
	GlobalSection(SolutionProperties) = preSolution
		HideSolutionNode = FALSE
	EndGlobalSection
	GlobalSection(ExtensibilityGlobals) = postSolution
		SolutionGuid = {EC70C121-F820-4C01-846F-DF2EE6B82327}
	EndGlobalSection
EndGlobal
