
Microsoft Visual Studio Solution File, Format Version 12.00
# Visual Studio Version 16
VisualStudioVersion = 16.0.33927.289
MinimumVisualStudioVersion = 10.0.40219.1
Project("{8BC9CEB8-8B4A-11D0-8D11-00A0C91BC942}") = "Examinare patratica", "Examinare patratica.vcxproj", "{D714C361-EB47-479E-864F-161CABB6D15A}"
EndProject
Global
	GlobalSection(SolutionConfigurationPlatforms) = preSolution
		Debug|x64 = Debug|x64
		Debug|x86 = Debug|x86
		Release|x64 = Release|x64
		Release|x86 = Release|x86
	EndGlobalSection
	GlobalSection(ProjectConfigurationPlatforms) = postSolution
		{D714C361-EB47-479E-864F-161CABB6D15A}.Debug|x64.ActiveCfg = Debug|x64
		{D714C361-EB47-479E-864F-161CABB6D15A}.Debug|x64.Build.0 = Debug|x64
		{D714C361-EB47-479E-864F-161CABB6D15A}.Debug|x86.ActiveCfg = Debug|Win32
		{D714C361-EB47-479E-864F-161CABB6D15A}.Debug|x86.Build.0 = Debug|Win32
		{D714C361-EB47-479E-864F-161CABB6D15A}.Release|x64.ActiveCfg = Release|x64
		{D714C361-EB47-479E-864F-161CABB6D15A}.Release|x64.Build.0 = Release|x64
		{D714C361-EB47-479E-864F-161CABB6D15A}.Release|x86.ActiveCfg = Release|Win32
		{D714C361-EB47-479E-864F-161CABB6D15A}.Release|x86.Build.0 = Release|Win32
	EndGlobalSection
	GlobalSection(SolutionProperties) = preSolution
		HideSolutionNode = FALSE
	EndGlobalSection
	GlobalSection(ExtensibilityGlobals) = postSolution
		SolutionGuid = {D6C030D7-3CD3-4926-9422-AFB975A85483}
	EndGlobalSection
EndGlobal
