
Microsoft Visual Studio Solution File, Format Version 12.00
# Visual Studio Version 16
VisualStudioVersion = 16.0.33927.289
MinimumVisualStudioVersion = 10.0.40219.1
Project("{8BC9CEB8-8B4A-11D0-8D11-00A0C91BC942}") = "Cinste", "Cinste.vcxproj", "{8067D4EA-0E00-4D2B-AA47-6B7635EE61CF}"
EndProject
Global
	GlobalSection(SolutionConfigurationPlatforms) = preSolution
		Debug|x64 = Debug|x64
		Debug|x86 = Debug|x86
		Release|x64 = Release|x64
		Release|x86 = Release|x86
	EndGlobalSection
	GlobalSection(ProjectConfigurationPlatforms) = postSolution
		{8067D4EA-0E00-4D2B-AA47-6B7635EE61CF}.Debug|x64.ActiveCfg = Debug|x64
		{8067D4EA-0E00-4D2B-AA47-6B7635EE61CF}.Debug|x64.Build.0 = Debug|x64
		{8067D4EA-0E00-4D2B-AA47-6B7635EE61CF}.Debug|x86.ActiveCfg = Debug|Win32
		{8067D4EA-0E00-4D2B-AA47-6B7635EE61CF}.Debug|x86.Build.0 = Debug|Win32
		{8067D4EA-0E00-4D2B-AA47-6B7635EE61CF}.Release|x64.ActiveCfg = Release|x64
		{8067D4EA-0E00-4D2B-AA47-6B7635EE61CF}.Release|x64.Build.0 = Release|x64
		{8067D4EA-0E00-4D2B-AA47-6B7635EE61CF}.Release|x86.ActiveCfg = Release|Win32
		{8067D4EA-0E00-4D2B-AA47-6B7635EE61CF}.Release|x86.Build.0 = Release|Win32
	EndGlobalSection
	GlobalSection(SolutionProperties) = preSolution
		HideSolutionNode = FALSE
	EndGlobalSection
	GlobalSection(ExtensibilityGlobals) = postSolution
		SolutionGuid = {9A6456DE-193E-4886-B927-20D7BC0075A7}
	EndGlobalSection
EndGlobal
