
Microsoft Visual Studio Solution File, Format Version 12.00
# Visual Studio Version 16
VisualStudioVersion = 16.0.32929.386
MinimumVisualStudioVersion = 10.0.40219.1
Project("{8BC9CEB8-8B4A-11D0-8D11-00A0C91BC942}") = "Partitiile unui numar natural", "Partitiile unui numar natural.vcxproj", "{FE4A074E-F5E9-4FAD-9540-7DA6387F9EC5}"
EndProject
Global
	GlobalSection(SolutionConfigurationPlatforms) = preSolution
		Debug|x64 = Debug|x64
		Debug|x86 = Debug|x86
		Release|x64 = Release|x64
		Release|x86 = Release|x86
	EndGlobalSection
	GlobalSection(ProjectConfigurationPlatforms) = postSolution
		{FE4A074E-F5E9-4FAD-9540-7DA6387F9EC5}.Debug|x64.ActiveCfg = Debug|x64
		{FE4A074E-F5E9-4FAD-9540-7DA6387F9EC5}.Debug|x64.Build.0 = Debug|x64
		{FE4A074E-F5E9-4FAD-9540-7DA6387F9EC5}.Debug|x86.ActiveCfg = Debug|Win32
		{FE4A074E-F5E9-4FAD-9540-7DA6387F9EC5}.Debug|x86.Build.0 = Debug|Win32
		{FE4A074E-F5E9-4FAD-9540-7DA6387F9EC5}.Release|x64.ActiveCfg = Release|x64
		{FE4A074E-F5E9-4FAD-9540-7DA6387F9EC5}.Release|x64.Build.0 = Release|x64
		{FE4A074E-F5E9-4FAD-9540-7DA6387F9EC5}.Release|x86.ActiveCfg = Release|Win32
		{FE4A074E-F5E9-4FAD-9540-7DA6387F9EC5}.Release|x86.Build.0 = Release|Win32
	EndGlobalSection
	GlobalSection(SolutionProperties) = preSolution
		HideSolutionNode = FALSE
	EndGlobalSection
	GlobalSection(ExtensibilityGlobals) = postSolution
		SolutionGuid = {F0422550-BD6A-4020-AFE6-C72BC970C595}
	EndGlobalSection
EndGlobal
